// !$*UTF8*$!
{
	archiveVersion = 1;
	classes = {
	};
	objectVersion = 77;
	objects = {

/* Begin PBXBuildFile section */
		1D1D2E0DD9E9C92426D43293 /* PreferencesView.swift in Sources */ = {isa = PBXBuildFile; fileRef = 353500FBC9FA3F8FBF8CB1C1 /* PreferencesView.swift */; };
		2F780B2999279F5C803B95B8 /* PeekixApp.swift in Sources */ = {isa = PBXBuildFile; fileRef = 0BB1A9C30D41D65336391580 /* PeekixApp.swift */; };
		4E2B8EF69A55EC7BA1DB5AF9 /* PeekixUI in Frameworks */ = {isa = PBXBuildFile; productRef = 75C879109304DEACC16AEC2A /* PeekixUI */; };
		97F08615DE1D54BF26816683 /* Assets.xcassets in Resources */ = {isa = PBXBuildFile; fileRef = 6F8CCF60912B0A842186CA95 /* Assets.xcassets */; };
		A952537B7036A3A698CEC14C /* AppDelegate.swift in Sources */ = {isa = PBXBuildFile; fileRef = 86BE67B6D85FC0B4724DCFCE /* AppDelegate.swift */; };
		ABD8248EECF7509EE9557A4B /* PeekixCore in Frameworks */ = {isa = PBXBuildFile; productRef = 6648B8F634F395CAFD0B20F9 /* PeekixCore */; };
		BC85A7CC28AD0F5C57497754 /* PeekixStore in Frameworks */ = {isa = PBXBuildFile; productRef = 03DA2A58690B3197086DBB5A /* PeekixStore */; };
		C4A6BC027C27C03153CAC852 /* MainWindowController.swift in Sources */ = {isa = PBXBuildFile; fileRef = 9A1971843895CF99E35F202F /* MainWindowController.swift */; };
		EC225C10C2FECC78E75BC1E4 /* ContentView.swift in Sources */ = {isa = PBXBuildFile; fileRef = 7ECD5B0AB91521852E0408A0 /* ContentView.swift */; };
		FF7FE86B5AA834B5369DE6C8 /* PeekixSession in Frameworks */ = {isa = PBXBuildFile; productRef = D29C75488E1E3958B969067A /* PeekixSession */; };
/* End PBXBuildFile section */

/* Begin PBXFileReference section */
		0BB1A9C30D41D65336391580 /* PeekixApp.swift */ = {isa = PBXFileReference; lastKnownFileType = sourcecode.swift; path = PeekixApp.swift; sourceTree = "<group>"; };
		353500FBC9FA3F8FBF8CB1C1 /* PreferencesView.swift */ = {isa = PBXFileReference; lastKnownFileType = sourcecode.swift; path = PreferencesView.swift; sourceTree = "<group>"; };
		6F8CCF60912B0A842186CA95 /* Assets.xcassets */ = {isa = PBXFileReference; lastKnownFileType = folder.assetcatalog; path = Assets.xcassets; sourceTree = "<group>"; };
		7ECD5B0AB91521852E0408A0 /* ContentView.swift */ = {isa = PBXFileReference; lastKnownFileType = sourcecode.swift; path = ContentView.swift; sourceTree = "<group>"; };
		86BE67B6D85FC0B4724DCFCE /* AppDelegate.swift */ = {isa = PBXFileReference; lastKnownFileType = sourcecode.swift; path = AppDelegate.swift; sourceTree = "<group>"; };
		9A1971843895CF99E35F202F /* MainWindowController.swift */ = {isa = PBXFileReference; lastKnownFileType = sourcecode.swift; path = MainWindowController.swift; sourceTree = "<group>"; };
		AF0270EBD32F63D0A1919025 /* PeekixUI */ = {isa = PBXFileReference; lastKnownFileType = folder; name = PeekixUI; path = ../Packages/PeekixUI; sourceTree = SOURCE_ROOT; };
		B83612980616A6675229D1B9 /* PeekixStore */ = {isa = PBXFileReference; lastKnownFileType = folder; name = PeekixStore; path = ../Packages/PeekixStore; sourceTree = SOURCE_ROOT; };
		DDB85BAD0D779A606D2AB3BA /* Peekix.app */ = {isa = PBXFileReference; explicitFileType = wrapper.application; includeInIndex = 0; path = Peekix.app; sourceTree = BUILT_PRODUCTS_DIR; };
		E5B2AEB5C2EFC0DA3EA25472 /* PeekixCore */ = {isa = PBXFileReference; lastKnownFileType = folder; name = PeekixCore; path = ../Packages/PeekixCore; sourceTree = SOURCE_ROOT; };
		E8BB47EDDF733197DB43CFEB /* PeekixSession */ = {isa = PBXFileReference; lastKnownFileType = folder; name = PeekixSession; path = ../Packages/PeekixSession; sourceTree = SOURCE_ROOT; };
/* End PBXFileReference section */

/* Begin PBXFrameworksBuildPhase section */
		ADD2EA4CCD16B1578877C48A /* Frameworks */ = {
			isa = PBXFrameworksBuildPhase;
			buildActionMask = 2147483647;
			files = (
				ABD8248EECF7509EE9557A4B /* PeekixCore in Frameworks */,
				FF7FE86B5AA834B5369DE6C8 /* PeekixSession in Frameworks */,
				4E2B8EF69A55EC7BA1DB5AF9 /* PeekixUI in Frameworks */,
				BC85A7CC28AD0F5C57497754 /* PeekixStore in Frameworks */,
			);
			runOnlyForDeploymentPostprocessing = 0;
		};
/* End PBXFrameworksBuildPhase section */

/* Begin PBXGroup section */
		0B964C57FF9241CFFD1984CE = {
			isa = PBXGroup;
			children = (
				D86BD103324AB16B062A1906 /* Packages */,
				9A7E7587531FA8E241DCDBD4 /* Peekix */,
				BB335A4814C6617A10BB1022 /* Products */,
			);
			sourceTree = "<group>";
		};
		9A7E7587531FA8E241DCDBD4 /* Peekix */ = {
			isa = PBXGroup;
			children = (
				86BE67B6D85FC0B4724DCFCE /* AppDelegate.swift */,
				6F8CCF60912B0A842186CA95 /* Assets.xcassets */,
				7ECD5B0AB91521852E0408A0 /* ContentView.swift */,
				9A1971843895CF99E35F202F /* MainWindowController.swift */,
				0BB1A9C30D41D65336391580 /* PeekixApp.swift */,
				353500FBC9FA3F8FBF8CB1C1 /* PreferencesView.swift */,
			);
			path = Peekix;
			sourceTree = "<group>";
		};
		BB335A4814C6617A10BB1022 /* Products */ = {
			isa = PBXGroup;
			children = (
				DDB85BAD0D779A606D2AB3BA /* Peekix.app */,
			);
			name = Products;
			sourceTree = "<group>";
		};
		D86BD103324AB16B062A1906 /* Packages */ = {
			isa = PBXGroup;
			children = (
				E5B2AEB5C2EFC0DA3EA25472 /* PeekixCore */,
				E8BB47EDDF733197DB43CFEB /* PeekixSession */,
				B83612980616A6675229D1B9 /* PeekixStore */,
				AF0270EBD32F63D0A1919025 /* PeekixUI */,
			);
			name = Packages;
			sourceTree = "<group>";
		};
/* End PBXGroup section */

/* Begin PBXNativeTarget section */
		DBF3885D0535073D5EF8895F /* Peekix */ = {
			isa = PBXNativeTarget;
			buildConfigurationList = A9A52313F32DDDF63911B100 /* Build configuration list for PBXNativeTarget "Peekix" */;
			buildPhases = (
				2A19E0DC9B329E748DF61E4A /* Sources */,
				2562661F459391916DA660AA /* Resources */,
				ADD2EA4CCD16B1578877C48A /* Frameworks */,
			);
			buildRules = (
			);
			dependencies = (
			);
			name = Peekix;
			packageProductDependencies = (
				6648B8F634F395CAFD0B20F9 /* PeekixCore */,
				D29C75488E1E3958B969067A /* PeekixSession */,
				75C879109304DEACC16AEC2A /* PeekixUI */,
				03DA2A58690B3197086DBB5A /* PeekixStore */,
			);
			productName = Peekix;
			productReference = DDB85BAD0D779A606D2AB3BA /* Peekix.app */;
			productType = "com.apple.product-type.application";
		};
/* End PBXNativeTarget section */

/* Begin PBXProject section */
		483484D588A8895BB4C142C9 /* Project object */ = {
			isa = PBXProject;
			attributes = {
				BuildIndependentTargetsInParallel = YES;
				LastUpgradeCheck = 1430;
				TargetAttributes = {
					DBF3885D0535073D5EF8895F = {
						ProvisioningStyle = Automatic;
					};
				};
			};
			buildConfigurationList = CB557A4FF37CA08FDE838A64 /* Build configuration list for PBXProject "Peekix" */;
			developmentRegion = en;
			hasScannedForEncodings = 0;
			knownRegions = (
				Base,
				en,
			);
			mainGroup = 0B964C57FF9241CFFD1984CE;
			minimizedProjectReferenceProxies = 1;
			packageReferences = (
				7AA9558CC410DEC8FC9C84BE /* XCLocalSwiftPackageReference "../Packages/PeekixCore" */,
				3FD05A07131FD90E36B00F53 /* XCLocalSwiftPackageReference "../Packages/PeekixSession" */,
				C960B02FDCE452FD198559F7 /* XCLocalSwiftPackageReference "../Packages/PeekixStore" */,
				053F3DB88137D4DEB3DCB0FC /* XCLocalSwiftPackageReference "../Packages/PeekixUI" */,
			);
			preferredProjectObjectVersion = 77;
			productRefGroup = BB335A4814C6617A10BB1022 /* Products */;
			projectDirPath = "";
			projectRoot = "";
			targets = (
				DBF3885D0535073D5EF8895F /* Peekix */,
			);
		};
/* End PBXProject section */

/* Begin PBXResourcesBuildPhase section */
		2562661F459391916DA660AA /* Resources */ = {
			isa = PBXResourcesBuildPhase;
			buildActionMask = 2147483647;
			files = (
				97F08615DE1D54BF26816683 /* Assets.xcassets in Resources */,
			);
			runOnlyForDeploymentPostprocessing = 0;
		};
/* End PBXResourcesBuildPhase section */

/* Begin PBXSourcesBuildPhase section */
		2A19E0DC9B329E748DF61E4A /* Sources */ = {
			isa = PBXSourcesBuildPhase;
			buildActionMask = 2147483647;
			files = (
				A952537B7036A3A698CEC14C /* AppDelegate.swift in Sources */,
				EC225C10C2FECC78E75BC1E4 /* ContentView.swift in Sources */,
				C4A6BC027C27C03153CAC852 /* MainWindowController.swift in Sources */,
				2F780B2999279F5C803B95B8 /* PeekixApp.swift in Sources */,
				1D1D2E0DD9E9C92426D43293 /* PreferencesView.swift in Sources */,
			);
			runOnlyForDeploymentPostprocessing = 0;
		};
/* End PBXSourcesBuildPhase section */

/* Begin XCBuildConfiguration section */
		3DD1A612C2D6DB9102C988A8 /* Debug */ = {
			isa = XCBuildConfiguration;
			buildSettings = {
				ASSETCATALOG_COMPILER_APPICON_NAME = AppIcon;
				CODE_SIGN_ENTITLEMENTS = Peekix/Peekix.entitlements;
				COMBINE_HIDPI_IMAGES = YES;
				GENERATE_INFOPLIST_FILE = NO;
				INFOPLIST_FILE = Peekix/Info.plist;
				LD_RUNPATH_SEARCH_PATHS = (
					"$(inherited)",
					"@executable_path/../Frameworks",
				);
				PRODUCT_BUNDLE_IDENTIFIER = app.peekix.mac;
				PRODUCT_NAME = Peekix;
				SDKROOT = macosx;
			};
			name = Debug;
		};
		A9A862B01DDCF0370534E999 /* Release */ = {
			isa = XCBuildConfiguration;
			buildSettings = {
				ASSETCATALOG_COMPILER_APPICON_NAME = AppIcon;
				CODE_SIGN_ENTITLEMENTS = Peekix/Peekix.entitlements;
				COMBINE_HIDPI_IMAGES = YES;
				GENERATE_INFOPLIST_FILE = NO;
				INFOPLIST_FILE = Peekix/Info.plist;
				LD_RUNPATH_SEARCH_PATHS = (
					"$(inherited)",
					"@executable_path/../Frameworks",
				);
				PRODUCT_BUNDLE_IDENTIFIER = app.peekix.mac;
				PRODUCT_NAME = Peekix;
				SDKROOT = macosx;
			};
			name = Release;
		};
		E4B8E698B0A120FF37B96E1F /* Release */ = {
			isa = XCBuildConfiguration;
			buildSettings = {
				ALWAYS_SEARCH_USER_PATHS = NO;
				ARCHS = arm64;
				CLANG_ANALYZER_NONNULL = YES;
				CLANG_ANALYZER_NUMBER_OBJECT_CONVERSION = YES_AGGRESSIVE;
				CLANG_CXX_LANGUAGE_STANDARD = "gnu++14";
				CLANG_CXX_LIBRARY = "libc++";
				CLANG_ENABLE_MODULES = YES;
				CLANG_ENABLE_OBJC_ARC = YES;
				CLANG_ENABLE_OBJC_WEAK = YES;
				CLANG_WARN_BLOCK_CAPTURE_AUTORELEASING = YES;
				CLANG_WARN_BOOL_CONVERSION = YES;
				CLANG_WARN_COMMA = YES;
				CLANG_WARN_CONSTANT_CONVERSION = YES;
				CLANG_WARN_DEPRECATED_OBJC_IMPLEMENTATIONS = YES;
				CLANG_WARN_DIRECT_OBJC_ISA_USAGE = YES_ERROR;
				CLANG_WARN_DOCUMENTATION_COMMENTS = YES;
				CLANG_WARN_EMPTY_BODY = YES;
				CLANG_WARN_ENUM_CONVERSION = YES;
				CLANG_WARN_INFINITE_RECURSION = YES;
				CLANG_WARN_INT_CONVERSION = YES;
				CLANG_WARN_NON_LITERAL_NULL_CONVERSION = YES;
				CLANG_WARN_OBJC_IMPLICIT_RETAIN_SELF = YES;
				CLANG_WARN_OBJC_LITERAL_CONVERSION = YES;
				CLANG_WARN_OBJC_ROOT_CLASS = YES_ERROR;
				CLANG_WARN_QUOTED_INCLUDE_IN_FRAMEWORK_HEADER = YES;
				CLANG_WARN_RANGE_LOOP_ANALYSIS = YES;
				CLANG_WARN_STRICT_PROTOTYPES = YES;
				CLANG_WARN_SUSPICIOUS_MOVE = YES;
				CLANG_WARN_UNGUARDED_AVAILABILITY = YES_AGGRESSIVE;
				CLANG_WARN_UNREACHABLE_CODE = YES;
				CLANG_WARN__DUPLICATE_METHOD_MATCH = YES;
				CODE_SIGN_STYLE = Automatic;
				COPY_PHASE_STRIP = YES;
				DEAD_CODE_STRIPPING = YES;
				DEBUG_INFORMATION_FORMAT = "dwarf-with-dsym";
				ENABLE_APP_SANDBOX = YES;
				ENABLE_HARDENED_RUNTIME = YES;
				ENABLE_NS_ASSERTIONS = NO;
				ENABLE_STRICT_OBJC_MSGSEND = YES;
				GCC_C_LANGUAGE_STANDARD = gnu11;
				GCC_NO_COMMON_BLOCKS = YES;
				GCC_OPTIMIZATION_LEVEL = s;
				GCC_WARN_64_TO_32_BIT_CONVERSION = YES;
				GCC_WARN_ABOUT_RETURN_TYPE = YES_ERROR;
				GCC_WARN_UNDECLARED_SELECTOR = YES;
				GCC_WARN_UNINITIALIZED_AUTOS = YES_AGGRESSIVE;
				GCC_WARN_UNUSED_FUNCTION = YES;
				GCC_WARN_UNUSED_VARIABLE = YES;
				MACOSX_DEPLOYMENT_TARGET = 13.0;
				MTL_ENABLE_DEBUG_INFO = NO;
				MTL_FAST_MATH = YES;
				ONLY_ACTIVE_ARCH = NO;
				PRODUCT_NAME = "$(TARGET_NAME)";
				SDKROOT = macosx;
				STRIP_INSTALLED_PRODUCT = YES;
				SWIFT_COMPILATION_MODE = wholemodule;
				SWIFT_OPTIMIZATION_LEVEL = "-O";
				SWIFT_STRICT_CONCURRENCY = complete;
				SWIFT_VERSION = 5.0;
				VALID_ARCHS = arm64;
			};
			name = Release;
		};
		EE5C9F5B8D44DA818EAF29D7 /* Debug */ = {
			isa = XCBuildConfiguration;
			buildSettings = {
				ALWAYS_SEARCH_USER_PATHS = NO;
				ARCHS = arm64;
				CLANG_ANALYZER_NONNULL = YES;
				CLANG_ANALYZER_NUMBER_OBJECT_CONVERSION = YES_AGGRESSIVE;
				CLANG_CXX_LANGUAGE_STANDARD = "gnu++14";
				CLANG_CXX_LIBRARY = "libc++";
				CLANG_ENABLE_MODULES = YES;
				CLANG_ENABLE_OBJC_ARC = YES;
				CLANG_ENABLE_OBJC_WEAK = YES;
				CLANG_WARN_BLOCK_CAPTURE_AUTORELEASING = YES;
				CLANG_WARN_BOOL_CONVERSION = YES;
				CLANG_WARN_COMMA = YES;
				CLANG_WARN_CONSTANT_CONVERSION = YES;
				CLANG_WARN_DEPRECATED_OBJC_IMPLEMENTATIONS = YES;
				CLANG_WARN_DIRECT_OBJC_ISA_USAGE = YES_ERROR;
				CLANG_WARN_DOCUMENTATION_COMMENTS = YES;
				CLANG_WARN_EMPTY_BODY = YES;
				CLANG_WARN_ENUM_CONVERSION = YES;
				CLANG_WARN_INFINITE_RECURSION = YES;
				CLANG_WARN_INT_CONVERSION = YES;
				CLANG_WARN_NON_LITERAL_NULL_CONVERSION = YES;
				CLANG_WARN_OBJC_IMPLICIT_RETAIN_SELF = YES;
				CLANG_WARN_OBJC_LITERAL_CONVERSION = YES;
				CLANG_WARN_OBJC_ROOT_CLASS = YES_ERROR;
				CLANG_WARN_QUOTED_INCLUDE_IN_FRAMEWORK_HEADER = YES;
				CLANG_WARN_RANGE_LOOP_ANALYSIS = YES;
				CLANG_WARN_STRICT_PROTOTYPES = YES;
				CLANG_WARN_SUSPICIOUS_MOVE = YES;
				CLANG_WARN_UNGUARDED_AVAILABILITY = YES_AGGRESSIVE;
				CLANG_WARN_UNREACHABLE_CODE = YES;
				CLANG_WARN__DUPLICATE_METHOD_MATCH = YES;
				CODE_SIGN_STYLE = Automatic;
				COPY_PHASE_STRIP = NO;
				DEAD_CODE_STRIPPING = YES;
				DEBUG_INFORMATION_FORMAT = dwarf;
				ENABLE_APP_SANDBOX = YES;
				ENABLE_HARDENED_RUNTIME = YES;
				ENABLE_STRICT_OBJC_MSGSEND = YES;
				ENABLE_TESTABILITY = YES;
				GCC_C_LANGUAGE_STANDARD = gnu11;
				GCC_DYNAMIC_NO_PIC = NO;
				GCC_NO_COMMON_BLOCKS = YES;
				GCC_OPTIMIZATION_LEVEL = 0;
				GCC_PREPROCESSOR_DEFINITIONS = (
					"$(inherited)",
					"DEBUG=1",
				);
				GCC_WARN_64_TO_32_BIT_CONVERSION = YES;
				GCC_WARN_ABOUT_RETURN_TYPE = YES_ERROR;
				GCC_WARN_UNDECLARED_SELECTOR = YES;
				GCC_WARN_UNINITIALIZED_AUTOS = YES_AGGRESSIVE;
				GCC_WARN_UNUSED_FUNCTION = YES;
				GCC_WARN_UNUSED_VARIABLE = YES;
				MACOSX_DEPLOYMENT_TARGET = 13.0;
				MTL_ENABLE_DEBUG_INFO = INCLUDE_SOURCE;
				MTL_FAST_MATH = YES;
				ONLY_ACTIVE_ARCH = NO;
				PRODUCT_NAME = "$(TARGET_NAME)";
				SDKROOT = macosx;
				SWIFT_ACTIVE_COMPILATION_CONDITIONS = DEBUG;
				SWIFT_OPTIMIZATION_LEVEL = "-Onone";
				SWIFT_STRICT_CONCURRENCY = complete;
				SWIFT_VERSION = 5.0;
				VALID_ARCHS = arm64;
			};
			name = Debug;
		};
/* End XCBuildConfiguration section */

/* Begin XCConfigurationList section */
		A9A52313F32DDDF63911B100 /* Build configuration list for PBXNativeTarget "Peekix" */ = {
			isa = XCConfigurationList;
			buildConfigurations = (
				3DD1A612C2D6DB9102C988A8 /* Debug */,
				A9A862B01DDCF0370534E999 /* Release */,
			);
			defaultConfigurationIsVisible = 0;
			defaultConfigurationName = Debug;
		};
		CB557A4FF37CA08FDE838A64 /* Build configuration list for PBXProject "Peekix" */ = {
			isa = XCConfigurationList;
			buildConfigurations = (
				EE5C9F5B8D44DA818EAF29D7 /* Debug */,
				E4B8E698B0A120FF37B96E1F /* Release */,
			);
			defaultConfigurationIsVisible = 0;
			defaultConfigurationName = Debug;
		};
/* End XCConfigurationList section */

/* Begin XCLocalSwiftPackageReference section */
		053F3DB88137D4DEB3DCB0FC /* XCLocalSwiftPackageReference "../Packages/PeekixUI" */ = {
			isa = XCLocalSwiftPackageReference;
			relativePath = ../Packages/PeekixUI;
		};
		3FD05A07131FD90E36B00F53 /* XCLocalSwiftPackageReference "../Packages/PeekixSession" */ = {
			isa = XCLocalSwiftPackageReference;
			relativePath = ../Packages/PeekixSession;
		};
		7AA9558CC410DEC8FC9C84BE /* XCLocalSwiftPackageReference "../Packages/PeekixCore" */ = {
			isa = XCLocalSwiftPackageReference;
			relativePath = ../Packages/PeekixCore;
		};
		C960B02FDCE452FD198559F7 /* XCLocalSwiftPackageReference "../Packages/PeekixStore" */ = {
			isa = XCLocalSwiftPackageReference;
			relativePath = ../Packages/PeekixStore;
		};
/* End XCLocalSwiftPackageReference section */

/* Begin XCSwiftPackageProductDependency section */
		03DA2A58690B3197086DBB5A /* PeekixStore */ = {
			isa = XCSwiftPackageProductDependency;
			productName = PeekixStore;
		};
		6648B8F634F395CAFD0B20F9 /* PeekixCore */ = {
			isa = XCSwiftPackageProductDependency;
			productName = PeekixCore;
		};
		75C879109304DEACC16AEC2A /* PeekixUI */ = {
			isa = XCSwiftPackageProductDependency;
			productName = PeekixUI;
		};
		D29C75488E1E3958B969067A /* PeekixSession */ = {
			isa = XCSwiftPackageProductDependency;
			productName = PeekixSession;
		};
/* End XCSwiftPackageProductDependency section */
	};
	rootObject = 483484D588A8895BB4C142C9 /* Project object */;
}
